
Microsoft Visual Studio Solution File, Format Version 12.00
# Visual Studio Version 16
VisualStudioVersion = 16.0.31624.102
MinimumVisualStudioVersion = 10.0.40219.1
Project("{FAE04EC0-301F-11D3-BF4B-00C04F79EFBC}") = "vinoCal.Android", "vinoCal\vinoCal.Android\vinoCal.Android.csproj", "{ABA2D2E0-11D7-4EB2-BD11-4F9781565133}"
EndProject
Project("{FAE04EC0-301F-11D3-BF4B-00C04F79EFBC}") = "vinoCal.iOS", "vinoCal\vinoCal.iOS\vinoCal.iOS.csproj", "{2F837686-AE73-43C6-921D-AAD2C8E7CB39}"
EndProject
Project("{FAE04EC0-301F-11D3-BF4B-00C04F79EFBC}") = "vinoCal", "vinoCal\vinoCal\vinoCal.csproj", "{7ECB3053-FA05-4C69-8EA2-EA770728D5D8}"
EndProject
Global
	GlobalSection(SolutionConfigurationPlatforms) = preSolution
		Debug|Any CPU = Debug|Any CPU
		Debug|iPhone = Debug|iPhone
		Debug|iPhoneSimulator = Debug|iPhoneSimulator
		Release|Any CPU = Release|Any CPU
		Release|iPhone = Release|iPhone
		Release|iPhoneSimulator = Release|iPhoneSimulator
	EndGlobalSection
	GlobalSection(ProjectConfigurationPlatforms) = postSolution
		{ABA2D2E0-11D7-4EB2-BD11-4F9781565133}.Debug|Any CPU.ActiveCfg = Debug|Any CPU
		{ABA2D2E0-11D7-4EB2-BD11-4F9781565133}.Debug|Any CPU.Build.0 = Debug|Any CPU
		{ABA2D2E0-11D7-4EB2-BD11-4F9781565133}.Debug|Any CPU.Deploy.0 = Debug|Any CPU
		{ABA2D2E0-11D7-4EB2-BD11-4F9781565133}.Debug|iPhone.ActiveCfg = Debug|Any CPU
		{ABA2D2E0-11D7-4EB2-BD11-4F9781565133}.Debug|iPhone.Build.0 = Debug|Any CPU
		{ABA2D2E0-11D7-4EB2-BD11-4F9781565133}.Debug|iPhone.Deploy.0 = Debug|Any CPU
		{ABA2D2E0-11D7-4EB2-BD11-4F9781565133}.Debug|iPhoneSimulator.ActiveCfg = Debug|Any CPU
		{ABA2D2E0-11D7-4EB2-BD11-4F9781565133}.Debug|iPhoneSimulator.Build.0 = Debug|Any CPU
		{ABA2D2E0-11D7-4EB2-BD11-4F9781565133}.Debug|iPhoneSimulator.Deploy.0 = Debug|Any CPU
		{ABA2D2E0-11D7-4EB2-BD11-4F9781565133}.Release|Any CPU.ActiveCfg = Release|Any CPU
		{ABA2D2E0-11D7-4EB2-BD11-4F9781565133}.Release|Any CPU.Build.0 = Release|Any CPU
		{ABA2D2E0-11D7-4EB2-BD11-4F9781565133}.Release|Any CPU.Deploy.0 = Release|Any CPU
		{ABA2D2E0-11D7-4EB2-BD11-4F9781565133}.Release|iPhone.ActiveCfg = Release|Any CPU
		{ABA2D2E0-11D7-4EB2-BD11-4F9781565133}.Release|iPhone.Build.0 = Release|Any CPU
		{ABA2D2E0-11D7-4EB2-BD11-4F9781565133}.Release|iPhone.Deploy.0 = Release|Any CPU
		{ABA2D2E0-11D7-4EB2-BD11-4F9781565133}.Release|iPhoneSimulator.ActiveCfg = Release|Any CPU
		{ABA2D2E0-11D7-4EB2-BD11-4F9781565133}.Release|iPhoneSimulator.Build.0 = Release|Any CPU
		{ABA2D2E0-11D7-4EB2-BD11-4F9781565133}.Release|iPhoneSimulator.Deploy.0 = Release|Any CPU
		{2F837686-AE73-43C6-921D-AAD2C8E7CB39}.Debug|Any CPU.ActiveCfg = Debug|iPhone
		{2F837686-AE73-43C6-921D-AAD2C8E7CB39}.Debug|Any CPU.Build.0 = Debug|iPhone
		{2F837686-AE73-43C6-921D-AAD2C8E7CB39}.Debug|Any CPU.Deploy.0 = Debug|iPhone
		{2F837686-AE73-43C6-921D-AAD2C8E7CB39}.Debug|iPhone.ActiveCfg = Debug|iPhone
		{2F837686-AE73-43C6-921D-AAD2C8E7CB39}.Debug|iPhone.Build.0 = Debug|iPhone
		{2F837686-AE73-43C6-921D-AAD2C8E7CB39}.Debug|iPhone.Deploy.0 = Debug|iPhone
		{2F837686-AE73-43C6-921D-AAD2C8E7CB39}.Debug|iPhoneSimulator.ActiveCfg = Debug|iPhoneSimulator
		{2F837686-AE73-43C6-921D-AAD2C8E7CB39}.Debug|iPhoneSimulator.Build.0 = Debug|iPhoneSimulator
		{2F837686-AE73-43C6-921D-AAD2C8E7CB39}.Debug|iPhoneSimulator.Deploy.0 = Debug|iPhoneSimulator
		{2F837686-AE73-43C6-921D-AAD2C8E7CB39}.Release|Any CPU.ActiveCfg = Release|iPhoneSimulator
		{2F837686-AE73-43C6-921D-AAD2C8E7CB39}.Release|Any CPU.Build.0 = Release|iPhoneSimulator
		{2F837686-AE73-43C6-921D-AAD2C8E7CB39}.Release|Any CPU.Deploy.0 = Release|iPhoneSimulator
		{2F837686-AE73-43C6-921D-AAD2C8E7CB39}.Release|iPhone.ActiveCfg = Release|iPhone
		{2F837686-AE73-43C6-921D-AAD2C8E7CB39}.Release|iPhone.Build.0 = Release|iPhone
		{2F837686-AE73-43C6-921D-AAD2C8E7CB39}.Release|iPhone.Deploy.0 = Release|iPhone
		{2F837686-AE73-43C6-921D-AAD2C8E7CB39}.Release|iPhoneSimulator.ActiveCfg = Release|iPhoneSimulator
		{2F837686-AE73-43C6-921D-AAD2C8E7CB39}.Release|iPhoneSimulator.Build.0 = Release|iPhoneSimulator
		{2F837686-AE73-43C6-921D-AAD2C8E7CB39}.Release|iPhoneSimulator.Deploy.0 = Release|iPhoneSimulator
		{7ECB3053-FA05-4C69-8EA2-EA770728D5D8}.Debug|Any CPU.ActiveCfg = Debug|Any CPU
		{7ECB3053-FA05-4C69-8EA2-EA770728D5D8}.Debug|Any CPU.Build.0 = Debug|Any CPU
		{7ECB3053-FA05-4C69-8EA2-EA770728D5D8}.Debug|Any CPU.Deploy.0 = Debug|Any CPU
		{7ECB3053-FA05-4C69-8EA2-EA770728D5D8}.Debug|iPhone.ActiveCfg = Debug|Any CPU
		{7ECB3053-FA05-4C69-8EA2-EA770728D5D8}.Debug|iPhone.Build.0 = Debug|Any CPU
		{7ECB3053-FA05-4C69-8EA2-EA770728D5D8}.Debug|iPhone.Deploy.0 = Debug|Any CPU
		{7ECB3053-FA05-4C69-8EA2-EA770728D5D8}.Debug|iPhoneSimulator.ActiveCfg = Debug|Any CPU
		{7ECB3053-FA05-4C69-8EA2-EA770728D5D8}.Debug|iPhoneSimulator.Build.0 = Debug|Any CPU
		{7ECB3053-FA05-4C69-8EA2-EA770728D5D8}.Debug|iPhoneSimulator.Deploy.0 = Debug|Any CPU
		{7ECB3053-FA05-4C69-8EA2-EA770728D5D8}.Release|Any CPU.ActiveCfg = Release|Any CPU
		{7ECB3053-FA05-4C69-8EA2-EA770728D5D8}.Release|Any CPU.Build.0 = Release|Any CPU
		{7ECB3053-FA05-4C69-8EA2-EA770728D5D8}.Release|Any CPU.Deploy.0 = Release|Any CPU
		{7ECB3053-FA05-4C69-8EA2-EA770728D5D8}.Release|iPhone.ActiveCfg = Release|Any CPU
		{7ECB3053-FA05-4C69-8EA2-EA770728D5D8}.Release|iPhone.Build.0 = Release|Any CPU
		{7ECB3053-FA05-4C69-8EA2-EA770728D5D8}.Release|iPhone.Deploy.0 = Release|Any CPU
		{7ECB3053-FA05-4C69-8EA2-EA770728D5D8}.Release|iPhoneSimulator.ActiveCfg = Release|Any CPU
		{7ECB3053-FA05-4C69-8EA2-EA770728D5D8}.Release|iPhoneSimulator.Build.0 = Release|Any CPU
		{7ECB3053-FA05-4C69-8EA2-EA770728D5D8}.Release|iPhoneSimulator.Deploy.0 = Release|Any CPU
	EndGlobalSection
	GlobalSection(SolutionProperties) = preSolution
		HideSolutionNode = FALSE
	EndGlobalSection
	GlobalSection(ExtensibilityGlobals) = postSolution
		SolutionGuid = {383D7E04-EC40-4392-A192-01EAB7B8A4F0}
	EndGlobalSection
EndGlobal
